
Microsoft Visual Studio Solution File, Format Version 12.00
# Visual Studio Version 16
VisualStudioVersion = 16.0.28803.156
MinimumVisualStudioVersion = 10.0.40219.1
Project("{9A19103F-16F7-4668-BE54-9A1E7A4F7556}") = "Sonata.Web", "Sonata.Web\Sonata.Web.csproj", "{064A3817-C027-4A46-93D3-4C26B7574553}"
EndProject
Project("{2150E333-8FDC-42A3-9474-1A3956D46DE8}") = "NuGet", "NuGet", "{63E7BE27-A643-4F67-BC95-F0A8404D2E3E}"
	ProjectSection(SolutionItems) = preProject
		NuGet\Build.bat = NuGet\Build.bat
		NuGet\sonata-web.png = NuGet\sonata-web.png
		NuGet\Sonata.Web 3.2.2.nuspec = NuGet\Sonata.Web 3.2.2.nuspec
	EndProjectSection
EndProject
Global
	GlobalSection(SolutionConfigurationPlatforms) = preSolution
		Debug|Any CPU = Debug|Any CPU
		Release|Any CPU = Release|Any CPU
	EndGlobalSection
	GlobalSection(ProjectConfigurationPlatforms) = postSolution
		{064A3817-C027-4A46-93D3-4C26B7574553}.Debug|Any CPU.ActiveCfg = Debug|Any CPU
		{064A3817-C027-4A46-93D3-4C26B7574553}.Debug|Any CPU.Build.0 = Debug|Any CPU
		{064A3817-C027-4A46-93D3-4C26B7574553}.Release|Any CPU.ActiveCfg = Release|Any CPU
		{064A3817-C027-4A46-93D3-4C26B7574553}.Release|Any CPU.Build.0 = Release|Any CPU
	EndGlobalSection
	GlobalSection(SolutionProperties) = preSolution
		HideSolutionNode = FALSE
	EndGlobalSection
	GlobalSection(ExtensibilityGlobals) = postSolution
		SolutionGuid = {BCF3C8C1-4205-4F02-86B6-66C9F5E0E76E}
	EndGlobalSection
EndGlobal
